
Microsoft Visual Studio Solution File, Format Version 12.00
# Visual Studio 14
VisualStudioVersion = 14.0.25123.0
MinimumVisualStudioVersion = 10.0.40219.1
Project("{FAE04EC0-301F-11D3-BF4B-00C04F79EFBC}") = "Tinkoff.Web", "Tinkoff.Web\Tinkoff.Web.csproj", "{F6867AC1-7B29-455E-9E7E-C02A2140D9AD}"
EndProject
Project("{FAE04EC0-301F-11D3-BF4B-00C04F79EFBC}") = "Tinkoff.Tests", "Tinkoff.Tests\Tinkoff.Tests.csproj", "{BF3511EB-9E99-4F6C-93E6-EBFBD9EB33D2}"
EndProject
Project("{FAE04EC0-301F-11D3-BF4B-00C04F79EFBC}") = "Tinkoff.DAL", "Tinkoff.DAL\Tinkoff.DAL.csproj", "{D0F5B888-95B2-45A0-B55B-72A4C278BDD9}"
EndProject
Global
	GlobalSection(SolutionConfigurationPlatforms) = preSolution
		Debug|Any CPU = Debug|Any CPU
		Release|Any CPU = Release|Any CPU
	EndGlobalSection
	GlobalSection(ProjectConfigurationPlatforms) = postSolution
		{F6867AC1-7B29-455E-9E7E-C02A2140D9AD}.Debug|Any CPU.ActiveCfg = Debug|Any CPU
		{F6867AC1-7B29-455E-9E7E-C02A2140D9AD}.Debug|Any CPU.Build.0 = Debug|Any CPU
		{F6867AC1-7B29-455E-9E7E-C02A2140D9AD}.Release|Any CPU.ActiveCfg = Release|Any CPU
		{F6867AC1-7B29-455E-9E7E-C02A2140D9AD}.Release|Any CPU.Build.0 = Release|Any CPU
		{BF3511EB-9E99-4F6C-93E6-EBFBD9EB33D2}.Debug|Any CPU.ActiveCfg = Debug|Any CPU
		{BF3511EB-9E99-4F6C-93E6-EBFBD9EB33D2}.Debug|Any CPU.Build.0 = Debug|Any CPU
		{BF3511EB-9E99-4F6C-93E6-EBFBD9EB33D2}.Release|Any CPU.ActiveCfg = Release|Any CPU
		{BF3511EB-9E99-4F6C-93E6-EBFBD9EB33D2}.Release|Any CPU.Build.0 = Release|Any CPU
		{D0F5B888-95B2-45A0-B55B-72A4C278BDD9}.Debug|Any CPU.ActiveCfg = Debug|Any CPU
		{D0F5B888-95B2-45A0-B55B-72A4C278BDD9}.Debug|Any CPU.Build.0 = Debug|Any CPU
		{D0F5B888-95B2-45A0-B55B-72A4C278BDD9}.Release|Any CPU.ActiveCfg = Release|Any CPU
		{D0F5B888-95B2-45A0-B55B-72A4C278BDD9}.Release|Any CPU.Build.0 = Release|Any CPU
	EndGlobalSection
	GlobalSection(SolutionProperties) = preSolution
		HideSolutionNode = FALSE
	EndGlobalSection
EndGlobal
